
Microsoft Visual Studio Solution File, Format Version 12.00
# Visual Studio Version 17
VisualStudioVersion = 17.11.35327.3
MinimumVisualStudioVersion = 10.0.40219.1
Project("{8BC9CEB8-8B4A-11D0-8D11-00A0C91BC942}") = "Project2", "Project2\Project2.vcxproj", "{56B60312-C7BD-4A1A-8BDA-16FED505E686}"
EndProject
Global
	GlobalSection(SolutionConfigurationPlatforms) = preSolution
		Debug|x64 = Debug|x64
		Debug|x86 = Debug|x86
		Release|x64 = Release|x64
		Release|x86 = Release|x86
	EndGlobalSection
	GlobalSection(ProjectConfigurationPlatforms) = postSolution
		{56B60312-C7BD-4A1A-8BDA-16FED505E686}.Debug|x64.ActiveCfg = Debug|x64
		{56B60312-C7BD-4A1A-8BDA-16FED505E686}.Debug|x64.Build.0 = Debug|x64
		{56B60312-C7BD-4A1A-8BDA-16FED505E686}.Debug|x86.ActiveCfg = Debug|Win32
		{56B60312-C7BD-4A1A-8BDA-16FED505E686}.Debug|x86.Build.0 = Debug|Win32
		{56B60312-C7BD-4A1A-8BDA-16FED505E686}.Release|x64.ActiveCfg = Release|x64
		{56B60312-C7BD-4A1A-8BDA-16FED505E686}.Release|x64.Build.0 = Release|x64
		{56B60312-C7BD-4A1A-8BDA-16FED505E686}.Release|x86.ActiveCfg = Release|Win32
		{56B60312-C7BD-4A1A-8BDA-16FED505E686}.Release|x86.Build.0 = Release|Win32
	EndGlobalSection
	GlobalSection(SolutionProperties) = preSolution
		HideSolutionNode = FALSE
	EndGlobalSection
	GlobalSection(ExtensibilityGlobals) = postSolution
		SolutionGuid = {F5788C92-3D2A-497E-A109-01543C509880}
	EndGlobalSection
EndGlobal
